
Microsoft Visual Studio Solution File, Format Version 12.00
# Visual Studio Version 17
VisualStudioVersion = 17.5.33627.172
MinimumVisualStudioVersion = 10.0.40219.1
Project("{FAE04EC0-301F-11D3-BF4B-00C04F79EFBC}") = "Natalia.Autorizacao.API", "Natalia.Autorizacao.API\Natalia.Autorizacao.API.csproj", "{B8068B93-02DF-49A5-AA0B-C10D79B4D970}"
EndProject
Global
	GlobalSection(SolutionConfigurationPlatforms) = preSolution
		Debug|Any CPU = Debug|Any CPU
		Release|Any CPU = Release|Any CPU
	EndGlobalSection
	GlobalSection(ProjectConfigurationPlatforms) = postSolution
		{B8068B93-02DF-49A5-AA0B-C10D79B4D970}.Debug|Any CPU.ActiveCfg = Debug|Any CPU
		{B8068B93-02DF-49A5-AA0B-C10D79B4D970}.Debug|Any CPU.Build.0 = Debug|Any CPU
		{B8068B93-02DF-49A5-AA0B-C10D79B4D970}.Release|Any CPU.ActiveCfg = Release|Any CPU
		{B8068B93-02DF-49A5-AA0B-C10D79B4D970}.Release|Any CPU.Build.0 = Release|Any CPU
	EndGlobalSection
	GlobalSection(SolutionProperties) = preSolution
		HideSolutionNode = FALSE
	EndGlobalSection
	GlobalSection(ExtensibilityGlobals) = postSolution
		SolutionGuid = {0AF22F3C-56F8-4656-B518-A18DF26C09E5}
	EndGlobalSection
EndGlobal
